{
  "requires": true,
  "lockfileVersion": 1,
  "dependencies": {
    "mongoose-delete": {
      "version": "0.5.4",
      "resolved": "https://registry.npmjs.org/mongoose-delete/-/mongoose-delete-0.5.4.tgz",
      "integrity": "sha512-zKkcWFEwTneVG4Oiy+qJRJPFCiGlqOJToHeU3a3meJybWsHCnWxdHkGEkFWNY5cmYEv5av3WwByOhPlQ6I+FmQ=="
    }
  }
}
